// !$*UTF8*$!
{
	archiveVersion = 1;
	classes = {
	};
	objectVersion = 56;
	objects = {

/* Begin PBXBuildFile section */
		0B4821E62B43B712001FDA98 /* Sluff_ScorecardApp.swift in Sources */ = {isa = PBXBuildFile; fileRef = 0B4821E52B43B712001FDA98 /* Sluff_ScorecardApp.swift */; };
		0B4821E82B43B712001FDA98 /* ScorecardView.swift in Sources */ = {isa = PBXBuildFile; fileRef = 0B4821E72B43B712001FDA98 /* ScorecardView.swift */; };
		0B4821EA2B43B713001FDA98 /* Assets.xcassets in Resources */ = {isa = PBXBuildFile; fileRef = 0B4821E92B43B713001FDA98 /* Assets.xcassets */; };
		0B4821ED2B43B713001FDA98 /* Preview Assets.xcassets in Resources */ = {isa = PBXBuildFile; fileRef = 0B4821EC2B43B713001FDA98 /* Preview Assets.xcassets */; };
		0B4821F82B43B8B1001FDA98 /* Player.swift in Sources */ = {isa = PBXBuildFile; fileRef = 0B4821F72B43B8B1001FDA98 /* Player.swift */; };
		0BB1F1F92B6984DE006201F8 /* SettingsView.swift in Sources */ = {isa = PBXBuildFile; fileRef = 0BB1F1F82B6984DE006201F8 /* SettingsView.swift */; };
		0BB1F1FB2B6B032F006201F8 /* Game.swift in Sources */ = {isa = PBXBuildFile; fileRef = 0BB1F1FA2B6B032F006201F8 /* Game.swift */; };
		0BB1F2012B6C0059006201F8 /* BidPickerView.swift in Sources */ = {isa = PBXBuildFile; fileRef = 0BB1F2002B6C0059006201F8 /* BidPickerView.swift */; };
		0BB1F2052B6EBB1F006201F8 /* TeamNameView.swift in Sources */ = {isa = PBXBuildFile; fileRef = 0BB1F2042B6EBB1F006201F8 /* TeamNameView.swift */; };
		0BB1F2072B70961D006201F8 /* ScoreHandView.swift in Sources */ = {isa = PBXBuildFile; fileRef = 0BB1F2062B70961D006201F8 /* ScoreHandView.swift */; };
		0BB1F20B2B71D48C006201F8 /* TitleView.swift in Sources */ = {isa = PBXBuildFile; fileRef = 0BB1F20A2B71D48C006201F8 /* TitleView.swift */; };
		0BB1F20D2B71D614006201F8 /* TeamScoresView.swift in Sources */ = {isa = PBXBuildFile; fileRef = 0BB1F20C2B71D614006201F8 /* TeamScoresView.swift */; };
		0BB1F22A2B72B14C006201F8 /* Router.swift in Sources */ = {isa = PBXBuildFile; fileRef = 0BB1F2292B72B14C006201F8 /* Router.swift */; };
		0BD384D82B7EDF750003C98E /* WinnerView.swift in Sources */ = {isa = PBXBuildFile; fileRef = 0BD384D72B7EDF750003C98E /* WinnerView.swift */; };
		0BD384DC2B8075430003C98E /* AskNumPlayersView.swift in Sources */ = {isa = PBXBuildFile; fileRef = 0BD384DB2B8075430003C98E /* AskNumPlayersView.swift */; };
		C84C58512B9A19EC00459472 /* HistoryView.swift in Sources */ = {isa = PBXBuildFile; fileRef = C84C58502B9A19EC00459472 /* HistoryView.swift */; };
		C84C58532B9A22F800459472 /* RunningScores.swift in Sources */ = {isa = PBXBuildFile; fileRef = C84C58522B9A22F800459472 /* RunningScores.swift */; };
		C85DEA9F2B9A6AB4004C79C0 /* SluffChoice.swift in Sources */ = {isa = PBXBuildFile; fileRef = C85DEA9E2B9A6AB4004C79C0 /* SluffChoice.swift */; };
		C8A2DB5E2B7FF92600569050 /* SplashScreenView.swift in Sources */ = {isa = PBXBuildFile; fileRef = C8A2DB5D2B7FF92600569050 /* SplashScreenView.swift */; };
		C8D346292B9CBE650058F3EC /* PlayerNameView.swift in Sources */ = {isa = PBXBuildFile; fileRef = C8D346282B9CBE650058F3EC /* PlayerNameView.swift */; };
/* End PBXBuildFile section */

/* Begin PBXFileReference section */
		0B4821E22B43B712001FDA98 /* Sluff Scorecard.app */ = {isa = PBXFileReference; explicitFileType = wrapper.application; includeInIndex = 0; path = "Sluff Scorecard.app"; sourceTree = BUILT_PRODUCTS_DIR; };
		0B4821E52B43B712001FDA98 /* Sluff_ScorecardApp.swift */ = {isa = PBXFileReference; lastKnownFileType = sourcecode.swift; path = Sluff_ScorecardApp.swift; sourceTree = "<group>"; };
		0B4821E72B43B712001FDA98 /* ScorecardView.swift */ = {isa = PBXFileReference; lastKnownFileType = sourcecode.swift; path = ScorecardView.swift; sourceTree = "<group>"; };
		0B4821E92B43B713001FDA98 /* Assets.xcassets */ = {isa = PBXFileReference; lastKnownFileType = folder.assetcatalog; path = Assets.xcassets; sourceTree = "<group>"; };
		0B4821EC2B43B713001FDA98 /* Preview Assets.xcassets */ = {isa = PBXFileReference; lastKnownFileType = folder.assetcatalog; path = "Preview Assets.xcassets"; sourceTree = "<group>"; };
		0B4821F72B43B8B1001FDA98 /* Player.swift */ = {isa = PBXFileReference; lastKnownFileType = sourcecode.swift; path = Player.swift; sourceTree = "<group>"; };
		0BB1F1F82B6984DE006201F8 /* SettingsView.swift */ = {isa = PBXFileReference; lastKnownFileType = sourcecode.swift; path = SettingsView.swift; sourceTree = "<group>"; };
		0BB1F1FA2B6B032F006201F8 /* Game.swift */ = {isa = PBXFileReference; lastKnownFileType = sourcecode.swift; path = Game.swift; sourceTree = "<group>"; };
		0BB1F2002B6C0059006201F8 /* BidPickerView.swift */ = {isa = PBXFileReference; lastKnownFileType = sourcecode.swift; path = BidPickerView.swift; sourceTree = "<group>"; };
		0BB1F2042B6EBB1F006201F8 /* TeamNameView.swift */ = {isa = PBXFileReference; lastKnownFileType = sourcecode.swift; path = TeamNameView.swift; sourceTree = "<group>"; };
		0BB1F2062B70961D006201F8 /* ScoreHandView.swift */ = {isa = PBXFileReference; lastKnownFileType = sourcecode.swift; path = ScoreHandView.swift; sourceTree = "<group>"; };
		0BB1F20A2B71D48C006201F8 /* TitleView.swift */ = {isa = PBXFileReference; lastKnownFileType = sourcecode.swift; path = TitleView.swift; sourceTree = "<group>"; };
		0BB1F20C2B71D614006201F8 /* TeamScoresView.swift */ = {isa = PBXFileReference; lastKnownFileType = sourcecode.swift; path = TeamScoresView.swift; sourceTree = "<group>"; };
		0BB1F2292B72B14C006201F8 /* Router.swift */ = {isa = PBXFileReference; lastKnownFileType = sourcecode.swift; path = Router.swift; sourceTree = "<group>"; };
		0BD384D72B7EDF750003C98E /* WinnerView.swift */ = {isa = PBXFileReference; lastKnownFileType = sourcecode.swift; path = WinnerView.swift; sourceTree = "<group>"; };
		0BD384DB2B8075430003C98E /* AskNumPlayersView.swift */ = {isa = PBXFileReference; lastKnownFileType = sourcecode.swift; path = AskNumPlayersView.swift; sourceTree = "<group>"; usesTabs = 0; };
		C84C58502B9A19EC00459472 /* HistoryView.swift */ = {isa = PBXFileReference; lastKnownFileType = sourcecode.swift; path = HistoryView.swift; sourceTree = "<group>"; };
		C84C58522B9A22F800459472 /* RunningScores.swift */ = {isa = PBXFileReference; lastKnownFileType = sourcecode.swift; path = RunningScores.swift; sourceTree = "<group>"; };
		C85DEA9E2B9A6AB4004C79C0 /* SluffChoice.swift */ = {isa = PBXFileReference; lastKnownFileType = sourcecode.swift; path = SluffChoice.swift; sourceTree = "<group>"; };
		C8A2DB5D2B7FF92600569050 /* SplashScreenView.swift */ = {isa = PBXFileReference; lastKnownFileType = sourcecode.swift; path = SplashScreenView.swift; sourceTree = "<group>"; };
		C8D346282B9CBE650058F3EC /* PlayerNameView.swift */ = {isa = PBXFileReference; lastKnownFileType = sourcecode.swift; path = PlayerNameView.swift; sourceTree = "<group>"; };
/* End PBXFileReference section */

/* Begin PBXFrameworksBuildPhase section */
		0B4821DF2B43B712001FDA98 /* Frameworks */ = {
			isa = PBXFrameworksBuildPhase;
			buildActionMask = 2147483647;
			files = (
			);
			runOnlyForDeploymentPostprocessing = 0;
		};
/* End PBXFrameworksBuildPhase section */

/* Begin PBXGroup section */
		0B4821D92B43B711001FDA98 = {
			isa = PBXGroup;
			children = (
				0B4821E42B43B712001FDA98 /* Sluff Scorecard */,
				0B4821E32B43B712001FDA98 /* Products */,
			);
			sourceTree = "<group>";
		};
		0B4821E32B43B712001FDA98 /* Products */ = {
			isa = PBXGroup;
			children = (
				0B4821E22B43B712001FDA98 /* Sluff Scorecard.app */,
			);
			name = Products;
			sourceTree = "<group>";
		};
		0B4821E42B43B712001FDA98 /* Sluff Scorecard */ = {
			isa = PBXGroup;
			children = (
				0B4821E52B43B712001FDA98 /* Sluff_ScorecardApp.swift */,
				0B4B15282B656A4700A4E9CD /* Other */,
				0B4B15262B656A2500A4E9CD /* Models */,
				0B4B15272B656A3B00A4E9CD /* ViewModels */,
				0B4B15252B656A0100A4E9CD /* Views */,
				0B4821E92B43B713001FDA98 /* Assets.xcassets */,
				0B4821EB2B43B713001FDA98 /* Preview Content */,
			);
			path = "Sluff Scorecard";
			sourceTree = "<group>";
		};
		0B4821EB2B43B713001FDA98 /* Preview Content */ = {
			isa = PBXGroup;
			children = (
				0B4821EC2B43B713001FDA98 /* Preview Assets.xcassets */,
			);
			path = "Preview Content";
			sourceTree = "<group>";
		};
		0B4B15252B656A0100A4E9CD /* Views */ = {
			isa = PBXGroup;
			children = (
				0B4821E72B43B712001FDA98 /* ScorecardView.swift */,
				0BB1F1F82B6984DE006201F8 /* SettingsView.swift */,
				0BB1F2062B70961D006201F8 /* ScoreHandView.swift */,
				0BD384D72B7EDF750003C98E /* WinnerView.swift */,
				C8A2DB5D2B7FF92600569050 /* SplashScreenView.swift */,
				0BD384DB2B8075430003C98E /* AskNumPlayersView.swift */,
				C84C58502B9A19EC00459472 /* HistoryView.swift */,
				0BB1F2282B727FE5006201F8 /* ViewPieces */,
			);
			path = Views;
			sourceTree = "<group>";
		};
		0B4B15262B656A2500A4E9CD /* Models */ = {
			isa = PBXGroup;
			children = (
				0B4821F72B43B8B1001FDA98 /* Player.swift */,
				C84C58522B9A22F800459472 /* RunningScores.swift */,
				C85DEA9E2B9A6AB4004C79C0 /* SluffChoice.swift */,
			);
			path = Models;
			sourceTree = "<group>";
		};
		0B4B15272B656A3B00A4E9CD /* ViewModels */ = {
			isa = PBXGroup;
			children = (
				0BB1F1FA2B6B032F006201F8 /* Game.swift */,
				0BB1F2292B72B14C006201F8 /* Router.swift */,
			);
			path = ViewModels;
			sourceTree = "<group>";
		};
		0B4B15282B656A4700A4E9CD /* Other */ = {
			isa = PBXGroup;
			children = (
			);
			path = Other;
			sourceTree = "<group>";
		};
		0BB1F2282B727FE5006201F8 /* ViewPieces */ = {
			isa = PBXGroup;
			children = (
				0BB1F20C2B71D614006201F8 /* TeamScoresView.swift */,
				0BB1F20A2B71D48C006201F8 /* TitleView.swift */,
				0BB1F2042B6EBB1F006201F8 /* TeamNameView.swift */,
				C8D346282B9CBE650058F3EC /* PlayerNameView.swift */,
				0BB1F2002B6C0059006201F8 /* BidPickerView.swift */,
			);
			path = ViewPieces;
			sourceTree = "<group>";
		};
/* End PBXGroup section */

/* Begin PBXNativeTarget section */
		0B4821E12B43B712001FDA98 /* Sluff Scorecard */ = {
			isa = PBXNativeTarget;
			buildConfigurationList = 0B4821F02B43B713001FDA98 /* Build configuration list for PBXNativeTarget "Sluff Scorecard" */;
			buildPhases = (
				0B4821DE2B43B712001FDA98 /* Sources */,
				0B4821DF2B43B712001FDA98 /* Frameworks */,
				0B4821E02B43B712001FDA98 /* Resources */,
			);
			buildRules = (
			);
			dependencies = (
			);
			name = "Sluff Scorecard";
			productName = "Sluff Scorecard";
			productReference = 0B4821E22B43B712001FDA98 /* Sluff Scorecard.app */;
			productType = "com.apple.product-type.application";
		};
/* End PBXNativeTarget section */

/* Begin PBXProject section */
		0B4821DA2B43B711001FDA98 /* Project object */ = {
			isa = PBXProject;
			attributes = {
				BuildIndependentTargetsInParallel = 1;
				LastSwiftUpdateCheck = 1510;
				LastUpgradeCheck = 1510;
				TargetAttributes = {
					0B4821E12B43B712001FDA98 = {
						CreatedOnToolsVersion = 15.1;
					};
				};
			};
			buildConfigurationList = 0B4821DD2B43B711001FDA98 /* Build configuration list for PBXProject "Sluff Scorecard" */;
			compatibilityVersion = "Xcode 14.0";
			developmentRegion = en;
			hasScannedForEncodings = 0;
			knownRegions = (
				en,
				Base,
			);
			mainGroup = 0B4821D92B43B711001FDA98;
			productRefGroup = 0B4821E32B43B712001FDA98 /* Products */;
			projectDirPath = "";
			projectRoot = "";
			targets = (
				0B4821E12B43B712001FDA98 /* Sluff Scorecard */,
			);
		};
/* End PBXProject section */

/* Begin PBXResourcesBuildPhase section */
		0B4821E02B43B712001FDA98 /* Resources */ = {
			isa = PBXResourcesBuildPhase;
			buildActionMask = 2147483647;
			files = (
				0B4821ED2B43B713001FDA98 /* Preview Assets.xcassets in Resources */,
				0B4821EA2B43B713001FDA98 /* Assets.xcassets in Resources */,
			);
			runOnlyForDeploymentPostprocessing = 0;
		};
/* End PBXResourcesBuildPhase section */

/* Begin PBXSourcesBuildPhase section */
		0B4821DE2B43B712001FDA98 /* Sources */ = {
			isa = PBXSourcesBuildPhase;
			buildActionMask = 2147483647;
			files = (
				0BB1F2012B6C0059006201F8 /* BidPickerView.swift in Sources */,
				0BD384D82B7EDF750003C98E /* WinnerView.swift in Sources */,
				C8A2DB5E2B7FF92600569050 /* SplashScreenView.swift in Sources */,
				0B4821F82B43B8B1001FDA98 /* Player.swift in Sources */,
				0BB1F22A2B72B14C006201F8 /* Router.swift in Sources */,
				0BB1F1FB2B6B032F006201F8 /* Game.swift in Sources */,
				0BB1F20B2B71D48C006201F8 /* TitleView.swift in Sources */,
				0B4821E82B43B712001FDA98 /* ScorecardView.swift in Sources */,
				C84C58532B9A22F800459472 /* RunningScores.swift in Sources */,
				0BB1F2072B70961D006201F8 /* ScoreHandView.swift in Sources */,
				0BB1F1F92B6984DE006201F8 /* SettingsView.swift in Sources */,
				C85DEA9F2B9A6AB4004C79C0 /* SluffChoice.swift in Sources */,
				0BD384DC2B8075430003C98E /* AskNumPlayersView.swift in Sources */,
				0BB1F2052B6EBB1F006201F8 /* TeamNameView.swift in Sources */,
				0B4821E62B43B712001FDA98 /* Sluff_ScorecardApp.swift in Sources */,
				C84C58512B9A19EC00459472 /* HistoryView.swift in Sources */,
				C8D346292B9CBE650058F3EC /* PlayerNameView.swift in Sources */,
				0BB1F20D2B71D614006201F8 /* TeamScoresView.swift in Sources */,
			);
			runOnlyForDeploymentPostprocessing = 0;
		};
/* End PBXSourcesBuildPhase section */

/* Begin XCBuildConfiguration section */
		0B4821EE2B43B713001FDA98 /* Debug */ = {
			isa = XCBuildConfiguration;
			buildSettings = {
				ALWAYS_SEARCH_USER_PATHS = NO;
				ASSETCATALOG_COMPILER_GENERATE_SWIFT_ASSET_SYMBOL_EXTENSIONS = YES;
				CLANG_ANALYZER_NONNULL = YES;
				CLANG_ANALYZER_NUMBER_OBJECT_CONVERSION = YES_AGGRESSIVE;
				CLANG_CXX_LANGUAGE_STANDARD = "gnu++20";
				CLANG_ENABLE_MODULES = YES;
				CLANG_ENABLE_OBJC_ARC = YES;
				CLANG_ENABLE_OBJC_WEAK = YES;
				CLANG_WARN_BLOCK_CAPTURE_AUTORELEASING = YES;
				CLANG_WARN_BOOL_CONVERSION = YES;
				CLANG_WARN_COMMA = YES;
				CLANG_WARN_CONSTANT_CONVERSION = YES;
				CLANG_WARN_DEPRECATED_OBJC_IMPLEMENTATIONS = YES;
				CLANG_WARN_DIRECT_OBJC_ISA_USAGE = YES_ERROR;
				CLANG_WARN_DOCUMENTATION_COMMENTS = YES;
				CLANG_WARN_EMPTY_BODY = YES;
				CLANG_WARN_ENUM_CONVERSION = YES;
				CLANG_WARN_INFINITE_RECURSION = YES;
				CLANG_WARN_INT_CONVERSION = YES;
				CLANG_WARN_NON_LITERAL_NULL_CONVERSION = YES;
				CLANG_WARN_OBJC_IMPLICIT_RETAIN_SELF = YES;
				CLANG_WARN_OBJC_LITERAL_CONVERSION = YES;
				CLANG_WARN_OBJC_ROOT_CLASS = YES_ERROR;
				CLANG_WARN_QUOTED_INCLUDE_IN_FRAMEWORK_HEADER = YES;
				CLANG_WARN_RANGE_LOOP_ANALYSIS = YES;
				CLANG_WARN_STRICT_PROTOTYPES = YES;
				CLANG_WARN_SUSPICIOUS_MOVE = YES;
				CLANG_WARN_UNGUARDED_AVAILABILITY = YES_AGGRESSIVE;
				CLANG_WARN_UNREACHABLE_CODE = YES;
				CLANG_WARN__DUPLICATE_METHOD_MATCH = YES;
				COPY_PHASE_STRIP = NO;
				DEBUG_INFORMATION_FORMAT = dwarf;
				ENABLE_STRICT_OBJC_MSGSEND = YES;
				ENABLE_TESTABILITY = YES;
				ENABLE_USER_SCRIPT_SANDBOXING = YES;
				GCC_C_LANGUAGE_STANDARD = gnu17;
				GCC_DYNAMIC_NO_PIC = NO;
				GCC_NO_COMMON_BLOCKS = YES;
				GCC_OPTIMIZATION_LEVEL = 0;
				GCC_PREPROCESSOR_DEFINITIONS = (
					"DEBUG=1",
					"$(inherited)",
				);
				GCC_WARN_64_TO_32_BIT_CONVERSION = YES;
				GCC_WARN_ABOUT_RETURN_TYPE = YES_ERROR;
				GCC_WARN_UNDECLARED_SELECTOR = YES;
				GCC_WARN_UNINITIALIZED_AUTOS = YES_AGGRESSIVE;
				GCC_WARN_UNUSED_FUNCTION = YES;
				GCC_WARN_UNUSED_VARIABLE = YES;
				IPHONEOS_DEPLOYMENT_TARGET = 17.2;
				LOCALIZATION_PREFERS_STRING_CATALOGS = YES;
				MTL_ENABLE_DEBUG_INFO = INCLUDE_SOURCE;
				MTL_FAST_MATH = YES;
				ONLY_ACTIVE_ARCH = YES;
				SDKROOT = iphoneos;
				SWIFT_ACTIVE_COMPILATION_CONDITIONS = "DEBUG $(inherited)";
				SWIFT_OPTIMIZATION_LEVEL = "-Onone";
			};
			name = Debug;
		};
		0B4821EF2B43B713001FDA98 /* Release */ = {
			isa = XCBuildConfiguration;
			buildSettings = {
				ALWAYS_SEARCH_USER_PATHS = NO;
				ASSETCATALOG_COMPILER_GENERATE_SWIFT_ASSET_SYMBOL_EXTENSIONS = YES;
				CLANG_ANALYZER_NONNULL = YES;
				CLANG_ANALYZER_NUMBER_OBJECT_CONVERSION = YES_AGGRESSIVE;
				CLANG_CXX_LANGUAGE_STANDARD = "gnu++20";
				CLANG_ENABLE_MODULES = YES;
				CLANG_ENABLE_OBJC_ARC = YES;
				CLANG_ENABLE_OBJC_WEAK = YES;
				CLANG_WARN_BLOCK_CAPTURE_AUTORELEASING = YES;
				CLANG_WARN_BOOL_CONVERSION = YES;
				CLANG_WARN_COMMA = YES;
				CLANG_WARN_CONSTANT_CONVERSION = YES;
				CLANG_WARN_DEPRECATED_OBJC_IMPLEMENTATIONS = YES;
				CLANG_WARN_DIRECT_OBJC_ISA_USAGE = YES_ERROR;
				CLANG_WARN_DOCUMENTATION_COMMENTS = YES;
				CLANG_WARN_EMPTY_BODY = YES;
				CLANG_WARN_ENUM_CONVERSION = YES;
				CLANG_WARN_INFINITE_RECURSION = YES;
				CLANG_WARN_INT_CONVERSION = YES;
				CLANG_WARN_NON_LITERAL_NULL_CONVERSION = YES;
				CLANG_WARN_OBJC_IMPLICIT_RETAIN_SELF = YES;
				CLANG_WARN_OBJC_LITERAL_CONVERSION = YES;
				CLANG_WARN_OBJC_ROOT_CLASS = YES_ERROR;
				CLANG_WARN_QUOTED_INCLUDE_IN_FRAMEWORK_HEADER = YES;
				CLANG_WARN_RANGE_LOOP_ANALYSIS = YES;
				CLANG_WARN_STRICT_PROTOTYPES = YES;
				CLANG_WARN_SUSPICIOUS_MOVE = YES;
				CLANG_WARN_UNGUARDED_AVAILABILITY = YES_AGGRESSIVE;
				CLANG_WARN_UNREACHABLE_CODE = YES;
				CLANG_WARN__DUPLICATE_METHOD_MATCH = YES;
				COPY_PHASE_STRIP = NO;
				DEBUG_INFORMATION_FORMAT = "dwarf-with-dsym";
				ENABLE_NS_ASSERTIONS = NO;
				ENABLE_STRICT_OBJC_MSGSEND = YES;
				ENABLE_USER_SCRIPT_SANDBOXING = YES;
				GCC_C_LANGUAGE_STANDARD = gnu17;
				GCC_NO_COMMON_BLOCKS = YES;
				GCC_WARN_64_TO_32_BIT_CONVERSION = YES;
				GCC_WARN_ABOUT_RETURN_TYPE = YES_ERROR;
				GCC_WARN_UNDECLARED_SELECTOR = YES;
				GCC_WARN_UNINITIALIZED_AUTOS = YES_AGGRESSIVE;
				GCC_WARN_UNUSED_FUNCTION = YES;
				GCC_WARN_UNUSED_VARIABLE = YES;
				IPHONEOS_DEPLOYMENT_TARGET = 17.2;
				LOCALIZATION_PREFERS_STRING_CATALOGS = YES;
				MTL_ENABLE_DEBUG_INFO = NO;
				MTL_FAST_MATH = YES;
				SDKROOT = iphoneos;
				SWIFT_COMPILATION_MODE = wholemodule;
				VALIDATE_PRODUCT = YES;
			};
			name = Release;
		};
		0B4821F12B43B713001FDA98 /* Debug */ = {
			isa = XCBuildConfiguration;
			buildSettings = {
				ASSETCATALOG_COMPILER_APPICON_NAME = AppIcon;
				ASSETCATALOG_COMPILER_GLOBAL_ACCENT_COLOR_NAME = AccentColor;
				CODE_SIGN_STYLE = Automatic;
				CURRENT_PROJECT_VERSION = 6;
				DEVELOPMENT_ASSET_PATHS = "\"Sluff Scorecard/Preview Content\"";
				DEVELOPMENT_TEAM = YZ8ZVD6D26;
				ENABLE_PREVIEWS = YES;
				GENERATE_INFOPLIST_FILE = YES;
				INFOPLIST_KEY_LSApplicationCategoryType = "public.app-category.card-games";
				INFOPLIST_KEY_UIApplicationSceneManifest_Generation = YES;
				INFOPLIST_KEY_UIApplicationSupportsIndirectInputEvents = YES;
				INFOPLIST_KEY_UILaunchScreen_Generation = YES;
				INFOPLIST_KEY_UIRequiresFullScreen = YES;
				INFOPLIST_KEY_UISupportedInterfaceOrientations = "UIInterfaceOrientationLandscapeLeft UIInterfaceOrientationLandscapeRight UIInterfaceOrientationPortrait UIInterfaceOrientationPortraitUpsideDown";
				IPHONEOS_DEPLOYMENT_TARGET = 17.2;
				LD_RUNPATH_SEARCH_PATHS = (
					"$(inherited)",
					"@executable_path/Frameworks",
				);
				MARKETING_VERSION = 1.0;
				PRODUCT_BUNDLE_IDENTIFIER = "com.Wallace.Sluff-Scorecard";
				PRODUCT_NAME = "$(TARGET_NAME)";
				SUPPORTED_PLATFORMS = "iphoneos iphonesimulator";
				SUPPORTS_MACCATALYST = NO;
				SUPPORTS_MAC_DESIGNED_FOR_IPHONE_IPAD = NO;
				SUPPORTS_XR_DESIGNED_FOR_IPHONE_IPAD = NO;
				SWIFT_EMIT_LOC_STRINGS = YES;
				SWIFT_VERSION = 5.0;
				TARGETED_DEVICE_FAMILY = "1,2";
			};
			name = Debug;
		};
		0B4821F22B43B713001FDA98 /* Release */ = {
			isa = XCBuildConfiguration;
			buildSettings = {
				ASSETCATALOG_COMPILER_APPICON_NAME = AppIcon;
				ASSETCATALOG_COMPILER_GLOBAL_ACCENT_COLOR_NAME = AccentColor;
				CODE_SIGN_STYLE = Automatic;
				CURRENT_PROJECT_VERSION = 6;
				DEVELOPMENT_ASSET_PATHS = "\"Sluff Scorecard/Preview Content\"";
				DEVELOPMENT_TEAM = YZ8ZVD6D26;
				ENABLE_PREVIEWS = YES;
				GENERATE_INFOPLIST_FILE = YES;
				INFOPLIST_KEY_LSApplicationCategoryType = "public.app-category.card-games";
				INFOPLIST_KEY_UIApplicationSceneManifest_Generation = YES;
				INFOPLIST_KEY_UIApplicationSupportsIndirectInputEvents = YES;
				INFOPLIST_KEY_UILaunchScreen_Generation = YES;
				INFOPLIST_KEY_UIRequiresFullScreen = YES;
				INFOPLIST_KEY_UISupportedInterfaceOrientations = "UIInterfaceOrientationLandscapeLeft UIInterfaceOrientationLandscapeRight UIInterfaceOrientationPortrait UIInterfaceOrientationPortraitUpsideDown";
				IPHONEOS_DEPLOYMENT_TARGET = 17.2;
				LD_RUNPATH_SEARCH_PATHS = (
					"$(inherited)",
					"@executable_path/Frameworks",
				);
				MARKETING_VERSION = 1.0;
				PRODUCT_BUNDLE_IDENTIFIER = "com.Wallace.Sluff-Scorecard";
				PRODUCT_NAME = "$(TARGET_NAME)";
				SUPPORTED_PLATFORMS = "iphoneos iphonesimulator";
				SUPPORTS_MACCATALYST = NO;
				SUPPORTS_MAC_DESIGNED_FOR_IPHONE_IPAD = NO;
				SUPPORTS_XR_DESIGNED_FOR_IPHONE_IPAD = NO;
				SWIFT_EMIT_LOC_STRINGS = YES;
				SWIFT_VERSION = 5.0;
				TARGETED_DEVICE_FAMILY = "1,2";
			};
			name = Release;
		};
/* End XCBuildConfiguration section */

/* Begin XCConfigurationList section */
		0B4821DD2B43B711001FDA98 /* Build configuration list for PBXProject "Sluff Scorecard" */ = {
			isa = XCConfigurationList;
			buildConfigurations = (
				0B4821EE2B43B713001FDA98 /* Debug */,
				0B4821EF2B43B713001FDA98 /* Release */,
			);
			defaultConfigurationIsVisible = 0;
			defaultConfigurationName = Release;
		};
		0B4821F02B43B713001FDA98 /* Build configuration list for PBXNativeTarget "Sluff Scorecard" */ = {
			isa = XCConfigurationList;
			buildConfigurations = (
				0B4821F12B43B713001FDA98 /* Debug */,
				0B4821F22B43B713001FDA98 /* Release */,
			);
			defaultConfigurationIsVisible = 0;
			defaultConfigurationName = Release;
		};
/* End XCConfigurationList section */
	};
	rootObject = 0B4821DA2B43B711001FDA98 /* Project object */;
}
